
Microsoft Visual Studio Solution File, Format Version 12.00
# Visual Studio Version 17
VisualStudioVersion = 17.10.34928.147
MinimumVisualStudioVersion = 10.0.40219.1
Project("{FAE04EC0-301F-11D3-BF4B-00C04F79EFBC}") = "BackEnd", "BackEnd.csproj", "{48344A10-13B4-4F7E-8B46-B50C29FAE02B}"
EndProject
Global
	GlobalSection(SolutionConfigurationPlatforms) = preSolution
		Debug|Any CPU = Debug|Any CPU
		Release|Any CPU = Release|Any CPU
	EndGlobalSection
	GlobalSection(ProjectConfigurationPlatforms) = postSolution
		{48344A10-13B4-4F7E-8B46-B50C29FAE02B}.Debug|Any CPU.ActiveCfg = Debug|Any CPU
		{48344A10-13B4-4F7E-8B46-B50C29FAE02B}.Debug|Any CPU.Build.0 = Debug|Any CPU
		{48344A10-13B4-4F7E-8B46-B50C29FAE02B}.Release|Any CPU.ActiveCfg = Release|Any CPU
		{48344A10-13B4-4F7E-8B46-B50C29FAE02B}.Release|Any CPU.Build.0 = Release|Any CPU
	EndGlobalSection
	GlobalSection(SolutionProperties) = preSolution
		HideSolutionNode = FALSE
	EndGlobalSection
	GlobalSection(ExtensibilityGlobals) = postSolution
		SolutionGuid = {FA5B33C9-91B7-4A94-B0F0-A09910ECFEFF}
	EndGlobalSection
EndGlobal
